// !$*UTF8*$!
{
	archiveVersion = 1;
	classes = {
	};
	objectVersion = 46;
	objects = {

/* Begin PBXBuildFile section */
		4340AB941A8029C900DB5BB4 /* Queue.m in Sources */ = {isa = PBXBuildFile; fileRef = 4340AB931A8029C805BB4 /* Queue.m */; };
		4340AB971A8029E100DB5BB4 /* Stack.m in Sources */ = {isa = PBXBuildFile; fileRef = 4340AB961A8029E100DB5BB4 /* Stack.m */; };
		4365581C1A840C190054481B /* InterfaceController.m in Sources */ = {isa = PBXBuildFile; fileRef = 4365581B1A840C190054481B /* InterfaceController.m */; };
		4365581F1A840C190054481B /* NotificationController.m in Sources */ = {isa = PBXBuildFile; fileRef = 4365581E1A840C190054481B /* NotificationController.m */; };
		436558221A840C190054481B /* GlanceController.m in Sources */ = {isa = PBXBuildFile; fileRef = 436558211A840C190054481B /* GlanceController.m */; };
		436558241A840C190054481B /* Images.xcassets in Resources */ = {isa = PBXBuildFile; fileRef = 436558231A840C190054481B /* Images.xcassets */; };
		436558281A840C190054481B /* ForgetMeNot WatchKit App.app in Resources */ = {isa = PBXBuildFile; fileRef = 436558271A840C190054481B /* ForgetMeNot WatchKit App.app */; };
		436558301A840C190054481B /* Interface.storyboard in Resources */ = {isa = PBXBuildFile; fileRef = 4365582E1A840C190054481B /* Interface.storyboard */; };
		436558351A840C190054481B /* ForgetMeNot WatchKit Extension.appex in Embed App Extensions */ = {isa = PBXBuildFile; fileRef = 436558151A840C190054481B /* ForgetMeNot WatchKit Extension.appex */; settings = {ATTRIBUTES = (RemoveHeadersOnCopy, ); }; };
		436558491A841DF70054481B /* MapInterfaceController.m in Sources */ = {isa = PBXBuildFile; fileRef = 436558481A841DF70054481B /* MapInterfaceController.m */; };
		4365584B1A8437940054481B /* ReminderRowController.m in Sources */ = {isa = PBXBuildFile; fileRef = 436558411A8416990054481B /* ReminderRowController.m */; };
		4365584D1A8541CF0054481B /* Node.swift in Sources */ = {isa = PBXBuildFile; fileRef = 4365584C1A8541CF0054481B /* Node.swift */; };
		4365584F1A8541E40054481B /* LinkedList.swift in Sources */ = {isa = PBXBuildFile; fileRef = 4365584E1A8541E40054481B /* LinkedList.swift */; };
		436558541A855FF40054481B /* MapKit.framework in Frameworks */ = {isa = PBXBuildFile; fileRef = 438837861A80134E0038EC3F /* MapKit.framework */; };
		438837631A8013400038EC3F /* main.m in Sources */ = {isa = PBXBuildFile; fileRef = 438837621A8013400038EC3F /* main.m */; };
		438837661A8013400038EC3F /* AppDelegate.m in Sources */ = {isa = PBXBuildFile; fileRef = 438837651A8013400038EC3F /* AppDelegate.m */; };
		4388376C1A8013400038EC3F /* Main.storyboard in Resources */ = {isa = PBXBuildFile; fileRef = 4388376A1A8013400038EC3F /* Main.storyboard */; };
		4388376E1A8013400038EC3F /* Images.xcassets in Resources */ = {isa = PBXBuildFile; fileRef = 4388376D1A8013400038EC3F /* Images.xcassets */; };
		438837711A8013400038EC3F /* LaunchScreen.xib in Resources */ = {isa = PBXBuildFile; fileRef = 4388376F1A8013400038EC3F /* LaunchScreen.xib */; };
		4388377D1A8013400038EC3F /* ForgetMeNotTests.m in Sources */ = {isa = PBXBuildFile; fileRef = 4388377C1A8013400038EC3F /* ForgetMeNotTests.m */; };
		438837871A80134E0038EC3F /* MapKit.framework in Frameworks */ = {isa = PBXBuildFile; fileRef = 438837861A80134E0038EC3F /* MapKit.framework */; };
		4388378D1A801E030038EC3F /* MapViewController.m in Sources */ = {isa = PBXBuildFile; fileRef = 4388378C1A801E030038EC3F /* MapViewController.m */; };
		43A2DE211A81D6A7006B1726 /* NetController.m in Sources */ = {isa = PBXBuildFile; fileRef = 43A2DE201A81D6A7006B1726 /* NetController.m */; };
		43D925891A817622005C436A /* OptionsViewController.m in Sources */ = {isa = PBXBuildFile; fileRef = 43D925881A817622005C436A /* OptionsViewController.m */; };
/* End PBXBuildFile section */

/* Begin PBXContainerItemProxy section */
		436558291A840C190054481B /* PBXContainerItemProxy */ = {
			isa = PBXContainerItemProxy;
			containerPortal = 438837551A8013400038EC3F /* Project object */;
			proxyType = 1;
			remoteGlobalIDString = 436558261A840C190054481B;
			remoteInfo = "ForgetMeNot WatchKit App";
		};
		436558331A840C190054481B /* PBXContainerItemProxy */ = {
			isa = PBXContainerItemProxy;
			containerPortal = 438837551A8013400038EC3F /* Project object */;
			proxyType = 1;
			remoteGlobalIDString = 436558141A840C190054481B;
			remoteInfo = "ForgetMeNot WatchKit Extension";
		};
		438837771A8013400038EC3F /* PBXContainerItemProxy */ = {
			isa = PBXContainerItemProxy;
			containerPortal = 438837551A8013400038EC3F /* Project object */;
			proxyType = 1;
			remoteGlobalIDString = 4388375C1A8013400038EC3F;
			remoteInfo = ForgetMeNot;
		};
/* End PBXContainerItemProxy section */

/* Begin PBXCopyFilesBuildPhase section */
		4365583C1A840C190054481B /* Embed App Extensions */ = {
			isa = PBXCopyFilesBuildPhase;
			buildActionMask = 2147483647;
			dstPath = "";
			dstSubfolderSpec = 13;
			files = (
				436558351A840C190054481B /* ForgetMeNot WatchKit Extension.appex in Embed App Extensions */,
			);
			name = "Embed App Extensions";
			runOnlyForDeploymentPostprocessing = 0;
		};
/* End PBXCopyFilesBuildPhase section */

/* Begin PBXFileReference section */
		4340AB921A8029C800DB5BB4 /* Queue.h */ = {isa = PBXFileReference; fileEncoding = 4; lastKnownFileType = sourcecode.c.h; path = Queue.h; sourceTree = "<group>"; };
		4340AB931A8029C800DB5BB4 /* Queue.m */ = {isa = PBXFileReference; fileEncoding = 4; lastKnownFileType = sourcecode.c.objc; path = Queue.m; sourceTree = "<group>"; };
		4340AB951A8029E100DB5BB4 /* Stack.h */ = {isa = PBXFileReference; fileEncoding = 4; lastKnownFileType = sourcecode.c.h; path = Stack.h; sourceTree = "<group>"; };
		4340AB961A8029E100DB5BB4 /* Stack.m */ = {isa = PBXFileReference; fileEncoding = 4; lastKnownFileType = sourcecode.c.objc; path = Stack.m; sourceTree = "<group>"; };
		436558151A840C190054481B /* ForgetMeNot WatchKit Extension.appex */ = {isa = PBXFileReference; explicitFileType = "wrapper.app-extension"; includeInIndex = 0; path = "ForgetMeNot WatchKit Extension.appex"; sourceTree = BUILT_PRODUCTS_DIR; };
		436558181A840C190054481B /* Info.plist */ = {isa = PBXFileReference; lastKnownFileType = text.plist.xml; path = Info.plist; sourceTree = "<group>"; };
		436558191A840C190054481B /* PushNotificationPayload.apns */ = {isa = PBXFileReference; lastKnownFileType = text; path = PushNotificationPayload.apns; sourceTree = "<group>"; };
		4365581A1A840C190054481B /* InterfaceController.h */ = {isa = PBXFileReference; lastKnownFileType = sourcecode.c.h; path = InterfaceController.h; sourceTree = "<group>"; };
		4365581B1A840C190054481B /* InterfaceController.m */ = {isa = PBXFileReference; lastKnownFileType = sourcecode.c.objc; path = InterfaceController.m; sourceTree = "<group>"; };
		4365581D1A840C190054481B /* NotificationController.h */ = {isa = PBXFileReference; lastKnownFileType = sourcecode.c.h; path = NotificationController.h; sourceTree = "<group>"; };
		4365581E1A840C190054481B /* NotificationController.m */ = {isa = PBXFileReference; lastKnownFileType = sourcecode.c.objc; path = NotificationController.m; sourceTree = "<group>"; };
		436558201A840C190054481B /* GlanceController.h */ = {isa = PBXFileReference; lastKnownFileType = sourcecode.c.h; path = GlanceController.h; sourceTree = "<group>"; };
		436558211A840C190054481B /* GlanceController.m */ = {isa = PBXFileReference; lastKnownFileType = sourcecode.c.objc; path = GlanceController.m; sourceTree = "<group>"; };
		436558231A840C190054481B /* Images.xcassets */ = {isa = PBXFileReference; lastKnownFileType = folder.assetcatalog; path = Images.xcassets; sourceTree = "<group>"; };
		436558271A840C190054481B /* ForgetMeNot WatchKit App.app */ = {isa = PBXFileReference; explicitFileType = wrapper.application; includeInIndex = 0; path = "ForgetMeNot WatchKit App.app"; sourceTree = BUILT_PRODUCTS_DIR; };
		4365582D1A840C190054481B /* Info.plist */ = {isa = PBXFileReference; lastKnownFileType = text.plist.xml; path = Info.plist; sourceTree = "<group>"; };
		4365582F1A840C190054481B /* Base */ = {isa = PBXFileReference; lastKnownFileType = file.storyboard; name = Base; path = Base.lproj/Interface.storyboard; sourceTree = "<group>"; };
		436558401A8416990054481B /* ReminderRowController.h */ = {isa = PBXFileReference; fileEncoding = 4; lastKnownFileType = sourcecode.c.h; path = ReminderRowController.h; sourceTree = "<group>"; };
		436558411A8416990054481B /* ReminderRowController.m */ = {isa = PBXFileReference; fileEncoding = 4; lastKnownFileType = sourcecode.c.objc; path = ReminderRowController.m; sourceTree = "<group>"; };
		436558471A841DF70054481B /* MapInterfaceController.h */ = {isa = PBXFileReference; fileEncoding = 4; lastKnownFileType = sourcecode.c.h; path = MapInterfaceController.h; sourceTree = "<group>"; };
		436558481A841DF70054481B /* MapInterfaceController.m */ = {isa = PBXFileReference; fileEncoding = 4; lastKnownFileType = sourcecode.c.objc; path = MapInterfaceController.m; sourceTree = "<group>"; };
		4365584C1A8541CF0054481B /* Node.swift */ = {isa = PBXFileReference; fileEncoding = 4; lastKnownFileType = sourcecode.swift; path = Node.swift; sourceTree = "<group>"; };
		4365584E1A8541E40054481B /* LinkedList.swift */ = {isa = PBXFileReference; fileEncoding = 4; lastKnownFileType = sourcecode.swift; path = LinkedList.swift; sourceTree = "<group>"; };
		436558521A8543000054481B /* ForgetMeNot.entitlements */ = {isa = PBXFileReference; lastKnownFileType = text.xml; path = ForgetMeNot.entitlements; sourceTree = "<group>"; };
		436558531A855EC20054481B /* ForgetMeNot WatchKit Extension.entitlements */ = {isa = PBXFileReference; lastKnownFileType = text.xml; path = "ForgetMeNot WatchKit Extension.entitlements"; sourceTree = "<group>"; };
		4388375D1A8013400038EC3F /* ForgetMeNot.app */ = {isa = PBXFileReference; explicitFileType = wrapper.application; includeInIndex = 0; path = ForgetMeNot.app; sourceTree = BUILT_PRODUCTS_DIR; };
		438837611A8013400038EC3F /* Info.plist */ = {isa = PBXFileReference; lastKnownFileType = text.plist.xml; path = Info.plist; sourceTree = "<group>"; };
		438837621A8013400038EC3F /* main.m */ = {isa = PBXFileReference; lastKnownFileType = sourcecode.c.objc; path = main.m; sourceTree = "<group>"; };
		438837641A8013400038EC3F /* AppDelegate.h */ = {isa = PBXFileReference; lastKnownFileType = sourcecode.c.h; path = AppDelegate.h; sourceTree = "<group>"; };
		438837651A8013400038EC3F /* AppDelegate.m */ = {isa = PBXFileReference; lastKnownFileType = sourcecode.c.objc; path = AppDelegate.m; sourceTree = "<group>"; };
		4388376B1A8013400038EC3F /* Base */ = {isa = PBXFileReference; lastKnownFileType = file.storyboard; name = Base; path = Base.lproj/Main.storyboard; sourceTree = "<group>"; };
		4388376D1A8013400038EC3F /* Images.xcassets */ = {isa = PBXFileReference; lastKnownFileType = folder.assetcatalog; path = Images.xcassets; sourceTree = "<group>"; };
		438837701A8013400038EC3F /* Base */ = {isa = PBXFileReference; lastKnownFileType = file.xib; name = Base; path = Base.lproj/LaunchScreen.xib; sourceTree = "<group>"; };
		438837761A8013400038EC3F /* ForgetMeNotTests.xctest */ = {isa = PBXFileReference; explicitFileType = wrapper.cfbundle; includeInIndex = 0; path = ForgetMeNotTests.xctest; sourceTree = BUILT_PRODUCTS_DIR; };
		4388377B1A8013400038EC3F /* Info.plist */ = {isa = PBXFileReference; lastKnownFileType = text.plist.xml; path = Info.plist; sourceTree = "<group>"; };
		4388377C1A8013400038EC3F /* ForgetMeNotTests.m */ = {isa = PBXFileReference; lastKnownFileType = sourcecode.c.objc; path = ForgetMeNotTests.m; sourceTree = "<group>"; };
		438837861A80134E0038EC3F /* MapKit.framework */ = {isa = PBXFileReference; lastKnownFileType = wrapper.framework; name = MapKit.framework; path = System/Library/Frameworks/MapKit.framework; sourceTree = SDKROOT; };
		4388378B1A801E030038EC3F /* MapViewController.h */ = {isa = PBXFileReference; fileEncoding = 4; lastKnownFileType = sourcecode.c.h; name = MapViewController.h; path = ../MapViewController.h; sourceTree = "<group>"; };
		4388378C1A801E030038EC3F /* MapViewController.m */ = {isa = PBXFileReference; fileEncoding = 4; lastKnownFileType = sourcecode.c.objc; name = MapViewController.m; path = ../MapViewController.m; sourceTree = "<group>"; };
		43A2DE1F1A81D6A7006B1726 /* NetController.h */ = {isa = PBXFileReference; fileEncoding = 4; lastKnownFileType = sourcecode.c.h; path = NetController.h; sourceTree = "<group>"; };
		43A2DE201A81D6A7006B1726 /* NetController.m */ = {isa = PBXFileReference; fileEncoding = 4; lastKnownFileType = sourcecode.c.objc; path = NetController.m; sourceTree = "<group>"; };
		43D925871A817622005C436A /* OptionsViewController.h */ = {isa = PBXFileReference; fileEncoding = 4; lastKnownFileType = sourcecode.c.h; path = OptionsViewController.h; sourceTree = "<group>"; };
		43D925881A817622005C436A /* OptionsViewController.m */ = {isa = PBXFileReference; fileEncoding = 4; lastKnownFileType = sourcecode.c.objc; path = OptionsViewController.m; sourceTree = "<group>"; };
/* End PBXFileReference section */

/* Begin PBXFrameworksBuildPhase section */
		436558121A840C190054481B /* Frameworks */ = {
			isa = PBXFrameworksBuildPhase;
			buildActionMask = 2147483647;
			files = (
				436558541A855FF40054481B /* MapKit.framework in Frameworks */,
			);
			runOnlyForDeploymentPostprocessing = 0;
		};
		4388375A1A8013400038EC3F /* Frameworks */ = {
			isa = PBXFrameworksBuildPhase;
			buildActionMask = 2147483647;
			files = (
				438837871A80134E0038EC3F /* MapKit.framework in Frameworks */,
			);
			runOnlyForDeploymentPostprocessing = 0;
		};
		438837731A8013400038EC3F /* Frameworks */ = {
			isa = PBXFrameworksBuildPhase;
			buildActionMask = 2147483647;
			files = (
			);
			runOnlyForDeploymentPostprocessing = 0;
		};
/* End PBXFrameworksBuildPhase section */

/* Begin PBXGroup section */
		436558161A840C190054481B /* ForgetMeNot WatchKit Extension */ = {
			isa = PBXGroup;
			children = (
				436558531A855EC20054481B /* ForgetMeNot WatchKit Extension.entitlements */,
				4365581A1A840C190054481B /* InterfaceController.h */,
				4365581B1A840C190054481B /* InterfaceController.m */,
				436558471A841DF70054481B /* MapInterfaceController.h */,
				436558481A841DF70054481B /* MapInterfaceController.m */,
				4365581D1A840C190054481B /* NotificationController.h */,
				4365581E1A840C190054481B /* NotificationController.m */,
				436558201A840C190054481B /* GlanceController.h */,
				436558211A840C190054481B /* GlanceController.m */,
				436558401A8416990054481B /* ReminderRowController.h */,
				436558411A8416990054481B /* ReminderRowController.m */,
				436558231A840C190054481B /* Images.xcassets */,
				436558171A840C190054481B /* Supporting Files */,
			);
			path = "ForgetMeNot WatchKit Extension";
			sourceTree = "<group>";
		};
		436558171A840C190054481B /* Supporting Files */ = {
			isa = PBXGroup;
			children = (
				436558181A840C190054481B /* Info.plist */,
				436558191A840C190054481B /* PushNotificationPayload.apns */,
			);
			name = "Supporting Files";
			sourceTree = "<group>";
		};
		4365582B1A840C190054481B /* ForgetMeNot WatchKit App */ = {
			isa = PBXGroup;
			children = (
				4365582E1A840C190054481B /* Interface.storyboard */,
				4365582C1A840C190054481B /* Supporting Files */,
			);
			path = "ForgetMeNot WatchKit App";
			sourceTree = "<group>";
		};
		4365582C1A840C190054481B /* Supporting Files */ = {
			isa = PBXGroup;
			children = (
				4365582D1A840C190054481B /* Info.plist */,
			);
			name = "Supporting Files";
			sourceTree = "<group>";
		};
		438837541A8013400038EC3F = {
			isa = PBXGroup;
			children = (
				438837861A80134E0038EC3F /* MapKit.framework */,
				4388375F1A8013400038EC3F /* ForgetMeNot */,
				438837791A8013400038EC3F /* ForgetMeNotTests */,
				436558161A840C190054481B /* ForgetMeNot WatchKit Extension */,
				4365582B1A840C190054481B /* ForgetMeNot WatchKit App */,
				4388375E1A8013400038EC3F /* Products */,
			);
			sourceTree = "<group>";
		};
		4388375E1A8013400038EC3F /* Products */ = {
			isa = PBXGroup;
			children = (
				4388375D1A8013400038EC3F /* ForgetMeNot.app */,
				438837761A8013400038EC3F /* ForgetMeNotTests.xctest */,
				436558151A840C190054481B /* ForgetMeNot WatchKit Extension.appex */,
				436558271A840C190054481B /* ForgetMeNot WatchKit App.app */,
			);
			name = Products;
			sourceTree = "<group>";
		};
		4388375F1A8013400038EC3F /* ForgetMeNot */ = {
			isa = PBXGroup;
			children = (
				436558521A8543000054481B /* ForgetMeNot.entitlements */,
				438837641A8013400038EC3F /* AppDelegate.h */,
				438837651A8013400038EC3F /* AppDelegate.m */,
				4388376D1A8013400038EC3F /* Images.xcassets */,
				4388378A1A8013CE0038EC3F /* View */,
				438837891A8013C80038EC3F /* Controller */,
				438837881A8013C10038EC3F /* Model */,
				438837601A8013400038EC3F /* Supporting Files */,
			);
			path = ForgetMeNot;
			sourceTree = "<group>";
		};
		438837601A8013400038EC3F /* Supporting Files */ = {
			isa = PBXGroup;
			children = (
				438837611A8013400038EC3F /* Info.plist */,
				438837621A8013400038EC3F /* main.m */,
			);
			name = "Supporting Files";
			sourceTree = "<group>";
		};
		438837791A8013400038EC3F /* ForgetMeNotTests */ = {
			isa = PBXGroup;
			children = (
				4388377C1A8013400038EC3F /* ForgetMeNotTests.m */,
				4388377A1A8013400038EC3F /* Supporting Files */,
			);
			path = ForgetMeNotTests;
			sourceTree = "<group>";
		};
		4388377A1A8013400038EC3F /* Supporting Files */ = {
			isa = PBXGroup;
			children = (
				4388377B1A8013400038EC3F /* Info.plist */,
			);
			name = "Supporting Files";
			sourceTree = "<group>";
		};
		438837881A8013C10038EC3F /* Model */ = {
			isa = PBXGroup;
			children = (
				4340AB951A8029E100DB5BB4 /* Stack.h */,
				4340AB961A8029E100DB5BB4 /* Stack.m */,
				4340AB921A8029C800DB5BB4 /* Queue.h */,
				4365584C1A8541CF0054481B /* Node.swift */,
				4365584E1A8541E40054481B /* LinkedList.swift */,
				4340AB931A8029C800DB5BB4 /* Queue.m */,
			);
			name = Model;
			sourceTree = "<group>";
		};
		438837891A8013C80038EC3F /* Controller */ = {
			isa = PBXGroup;
			children = (
				4388378B1A801E030038EC3F /* MapViewController.h */,
				4388378C1A801E030038EC3F /* MapViewController.m */,
				43D925871A817622005C436A /* OptionsViewController.h */,
				43D925881A817622005C436A /* OptionsViewController.m */,
				43A2DE1F1A81D6A7006B1726 /* NetController.h */,
				43A2DE201A81D6A7006B1726 /* NetController.m */,
			);
			name = Controller;
			sourceTree = "<group>";
		};
		4388378A1A8013CE0038EC3F /* View */ = {
			isa = PBXGroup;
			children = (
				4388376A1A8013400038EC3F /* Main.storyboard */,
				4388376F1A8013400038EC3F /* LaunchScreen.xib */,
			);
			name = View;
			sourceTree = "<group>";
		};
/* End PBXGroup section */

/* Begin PBXNativeTarget section */
		436558141A840C190054481B /* ForgetMeNot WatchKit Extension */ = {
			isa = PBXNativeTarget;
			buildConfigurationList = 4365583B1A840C190054481B /* Build configuration list for PBXNativeTarget "ForgetMeNot WatchKit Extension" */;
			buildPhases = (
				436558111A840C190054481B /* Sources */,
				436558121A840C190054481B /* Frameworks */,
				436558131A840C190054481B /* Resources */,
			);
			buildRules = (
			);
			dependencies = (
				4365582A1A840C190054481B /* PBXTargetDependency */,
			);
			name = "ForgetMeNot WatchKit Extension";
			productName = "ForgetMeNot WatchKit Extension";
			productReference = 436558151A840C190054481B /* ForgetMeNot WatchKit Extension.appex */;
			productType = "com.apple.product-type.watchkit-extension";
		};
		436558261A840C190054481B /* ForgetMeNot WatchKit App */ = {
			isa = PBXNativeTarget;
			buildConfigurationList = 4365583A1A840C190054481B /* Build configuration list for PBXNativeTarget "ForgetMeNot WatchKit App" */;
			buildPhases = (
				436558251A840C190054481B /* Resources */,
			);
			buildRules = (
			);
			dependencies = (
			);
			name = "ForgetMeNot WatchKit App";
			productName = "ForgetMeNot WatchKit App";
			productReference = 436558271A840C190054481B /* ForgetMeNot WatchKit App.app */;
			productType = "com.apple.product-type.application.watchapp";
		};
		4388375C1A8013400038EC3F /* ForgetMeNot */ = {
			isa = PBXNativeTarget;
			buildConfigurationList = 438837801A8013400038EC3F /* Build configuration list for PBXNativeTarget "ForgetMeNot" */;
			buildPhases = (
				438837591A8013400038EC3F /* Sources */,
				4388375A1A8013400038EC3F /* Frameworks */,
				4388375B1A8013400038EC3F /* Resources */,
				4365583C1A840C190054481B /* Embed App Extensions */,
			);
			buildRules = (
			);
			dependencies = (
				436558341A840C190054481B /* PBXTargetDependency */,
			);
			name = ForgetMeNot;
			productName = ForgetMeNot;
			productReference = 4388375D1A8013400038EC3F /* ForgetMeNot.app */;
			productType = "com.apple.product-type.application";
		};
		438837751A8013400038EC3F /* ForgetMeNotTests */ = {
			isa = PBXNativeTarget;
			buildConfigurationList = 438837831A8013400038EC3F /* Build configuration list for PBXNativeTarget "ForgetMeNotTests" */;
			buildPhases = (
				438837721A8013400038EC3F /* Sources */,
				438837731A8013400038EC3F /* Frameworks */,
				438837741A8013400038EC3F /* Resources */,
			);
			buildRules = (
			);
			dependencies = (
				438837781A8013400038EC3F /* PBXTargetDependency */,
			);
			name = ForgetMeNotTests;
			productName = ForgetMeNotTests;
			productReference = 438837761A8013400038EC3F /* ForgetMeNotTests.xctest */;
			productType = "com.apple.product-type.bundle.unit-test";
		};
/* End PBXNativeTarget section */

/* Begin PBXProject section */
		438837551A8013400038EC3F /* Project object */ = {
			isa = PBXProject;
			attributes = {
				LastUpgradeCheck = 0610;
				ORGANIZATIONNAME = "Josh Kahl";
				TargetAttributes = {
					436558141A840C190054481B = {
						CreatedOnToolsVersion = 6.2;
						DevelopmentTeam = RPZ9M4VS48;
						SystemCapabilities = {
							com.apple.ApplicationGroups.iOS = {
								enabled = 0;
							};
							com.apple.Maps.iOS = {
								enabled = 1;
							};
						};
					};
					436558261A840C190054481B = {
						CreatedOnToolsVersion = 6.2;
					};
					4388375C1A8013400038EC3F = {
						CreatedOnToolsVersion = 6.1.1;
						DevelopmentTeam = RPZ9M4VS48;
						SystemCapabilities = {
							com.apple.ApplicationGroups.iOS = {
								enabled = 0;
							};
							com.apple.Maps.iOS = {
								enabled = 1;
							};
						};
					};
					438837751A8013400038EC3F = {
						CreatedOnToolsVersion = 6.1.1;
						TestTargetID = 4388375C1A8013400038EC3F;
					};
				};
			};
			buildConfigurationList = 438837581A8013400038EC3F /* Build configuration list for PBXProject "ForgetMeNot" */;
			compatibilityVersion = "Xcode 3.2";
			developmentRegion = English;
			hasScannedForEncodings = 0;
			knownRegions = (
				en,
				Base,
			);
			mainGroup = 438837541A8013400038EC3F;
			productRefGroup = 4388375E1A8013400038EC3F /* Products */;
			projectDirPath = "";
			projectRoot = "";
			targets = (
				4388375C1A8013400038EC3F /* ForgetMeNot */,
				438837751A8013400038EC3F /* ForgetMeNotTests */,
				436558141A840C190054481B /* ForgetMeNot WatchKit Extension */,
				436558261A840C190054481B /* ForgetMeNot WatchKit App */,
			);
		};
/* End PBXProject section */

/* Begin PBXResourcesBuildPhase section */
		436558131A840C190054481B /* Resources */ = {
			isa = PBXResourcesBuildPhase;
			buildActionMask = 2147483647;
			files = (
				436558241A840C190054481B /* Images.xcassets in Resources */,
				436558281A840C190054481B /* ForgetMeNot WatchKit App.app in Resources */,
			);
			runOnlyForDeploymentPostprocessing = 0;
		};
		436558251A840C190054481B /* Resources */ = {
			isa = PBXResourcesBuildPhase;
			buildActionMask = 2147483647;
			files = (
				436558301A840C190054481B /* Interface.storyboard in Resources */,
			);
			runOnlyForDeploymentPostprocessing = 0;
		};
		4388375B1A8013400038EC3F /* Resources */ = {
			isa = PBXResourcesBuildPhase;
			buildActionMask = 2147483647;
			files = (
				4388376C1A8013400038EC3F /* Main.storyboard in Resources */,
				438837711A8013400038EC3F /* LaunchScreen.xib in Resources */,
				4388376E1A8013400038EC3F /* Images.xcassets in Resources */,
			);
			runOnlyForDeploymentPostprocessing = 0;
		};
		438837741A8013400038EC3F /* Resources */ = {
			isa = PBXResourcesBuildPhase;
			buildActionMask = 2147483647;
			files = (
			);
			runOnlyForDeploymentPostprocessing = 0;
		};
/* End PBXResourcesBuildPhase section */

/* Begin PBXSourcesBuildPhase section */
		436558111A840C190054481B /* Sources */ = {
			isa = PBXSourcesBuildPhase;
			buildActionMask = 2147483647;
			files = (
				4365581F1A840C190054481B /* NotificationController.m in Sources */,
				4365581C1A840C190054481B /* InterfaceController.m in Sources */,
				436558491A841DF70054481B /* MapInterfaceController.m in Sources */,
				436558221A840C190054481B /* GlanceController.m in Sources */,
				4365584B1A8437940054481B /* ReminderRowController.m in Sources */,
			);
			runOnlyForDeploymentPostprocessing = 0;
		};
		438837591A8013400038EC3F /* Sources */ = {
			isa = PBXSourcesBuildPhase;
			buildActionMask = 2147483647;
			files = (
				4365584F1A8541E40054481B /* LinkedList.swift in Sources */,
				4388378D1A801E030038EC3F /* MapViewController.m in Sources */,
				438837661A8013400038EC3F /* AppDelegate.m in Sources */,
				438837631A8013400038EC3F /* main.m in Sources */,
				4365584D1A8541CF0054481B /* Node.swift in Sources */,
				43A2DE211A81D6A7006B1726 /* NetController.m in Sources */,
				4340AB971A8029E100DB5BB4 /* Stack.m in Sources */,
				4340AB941A8029C900DB5BB4 /* Queue.m in Sources */,
				43D925891A817622005C436A /* OptionsViewController.m in Sources */,
			);
			runOnlyForDeploymentPostprocessing = 0;
		};
		438837721A8013400038EC3F /* Sources */ = {
			isa = PBXSourcesBuildPhase;
			buildActionMask = 2147483647;
			files = (
				4388377D1A8013400038EC3F /* ForgetMeNotTests.m in Sources */,
			);
			runOnlyForDeploymentPostprocessing = 0;
		};
/* End PBXSourcesBuildPhase section */

/* Begin PBXTargetDependency section */
		4365582A1A840C190054481B /* PBXTargetDependency */ = {
			isa = PBXTargetDependency;
			target = 436558261A840C190054481B /* ForgetMeNot WatchKit App */;
			targetProxy = 436558291A840C190054481B /* PBXContainerItemProxy */;
		};
		436558341A840C190054481B /* PBXTargetDependency */ = {
			isa = PBXTargetDependency;
			target = 436558141A840C190054481B /* ForgetMeNot WatchKit Extension */;
			targetProxy = 436558331A840C190054481B /* PBXContainerItemProxy */;
		};
		438837781A8013400038EC3F /* PBXTargetDependency */ = {
			isa = PBXTargetDependency;
			target = 4388375C1A8013400038EC3F /* ForgetMeNot */;
			targetProxy = 438837771A8013400038EC3F /* PBXContainerItemProxy */;
		};
/* End PBXTargetDependency section */

/* Begin PBXVariantGroup section */
		4365582E1A840C190054481B /* Interface.storyboard */ = {
			isa = PBXVariantGroup;
			children = (
				4365582F1A840C190054481B /* Base */,
			);
			name = Interface.storyboard;
			sourceTree = "<group>";
		};
		4388376A1A8013400038EC3F /* Main.storyboard */ = {
			isa = PBXVariantGroup;
			children = (
				4388376B1A8013400038EC3F /* Base */,
			);
			name = Main.storyboard;
			sourceTree = "<group>";
		};
		4388376F1A8013400038EC3F /* LaunchScreen.xib */ = {
			isa = PBXVariantGroup;
			children = (
				438837701A8013400038EC3F /* Base */,
			);
			name = LaunchScreen.xib;
			sourceTree = "<group>";
		};
/* End PBXVariantGroup section */

/* Begin XCBuildConfiguration section */
		436558361A840C190054481B /* Debug */ = {
			isa = XCBuildConfiguration;
			buildSettings = {
				CODE_SIGN_ENTITLEMENTS = "ForgetMeNot WatchKit Extension/ForgetMeNot WatchKit Extension.entitlements";
				CODE_SIGN_IDENTITY = "iPhone Developer";
				"CODE_SIGN_IDENTITY[sdk=iphoneos*]" = "iPhone Developer";
				GCC_PREPROCESSOR_DEFINITIONS = (
					"DEBUG=1",
					"$(inherited)",
				);
				INFOPLIST_FILE = "ForgetMeNot WatchKit Extension/Info.plist";
				IPHONEOS_DEPLOYMENT_TARGET = 8.2;
				LD_RUNPATH_SEARCH_PATHS = "$(inherited) @executable_path/Frameworks @executable_path/../../Frameworks";
				PRODUCT_NAME = "${TARGET_NAME}";
				PROVISIONING_PROFILE = "";
				SKIP_INSTALL = YES;
			};
			name = Debug;
		};
		436558371A840C190054481B /* Release */ = {
			isa = XCBuildConfiguration;
			buildSettings = {
				CODE_SIGN_ENTITLEMENTS = "ForgetMeNot WatchKit Extension/ForgetMeNot WatchKit Extension.entitlements";
				CODE_SIGN_IDENTITY = "iPhone Developer";
				"CODE_SIGN_IDENTITY[sdk=iphoneos*]" = "iPhone Developer";
				COPY_PHASE_STRIP = NO;
				INFOPLIST_FILE = "ForgetMeNot WatchKit Extension/Info.plist";
				IPHONEOS_DEPLOYMENT_TARGET = 8.2;
				LD_RUNPATH_SEARCH_PATHS = "$(inherited) @executable_path/Frameworks @executable_path/../../Frameworks";
				PRODUCT_NAME = "${TARGET_NAME}";
				PROVISIONING_PROFILE = "";
				SKIP_INSTALL = YES;
			};
			name = Release;
		};
		436558381A840C190054481B /* Debug */ = {
			isa = XCBuildConfiguration;
			buildSettings = {
				ASSETCATALOG_COMPILER_APPICON_NAME = AppIcon;
				GCC_PREPROCESSOR_DEFINITIONS = (
					"DEBUG=1",
					"$(inherited)",
				);
				IBSC_MODULE = ForgetMeNot_WatchKit_Extension;
				INFOPLIST_FILE = "ForgetMeNot WatchKit App/Info.plist";
				IPHONEOS_DEPLOYMENT_TARGET = 8.2;
				PRODUCT_NAME = "$(TARGET_NAME)";
				SKIP_INSTALL = YES;
				TARGETED_DEVICE_FAMILY = 4;
				"TARGETED_DEVICE_FAMILY[sdk=iphonesimulator*]" = "1,4";
			};
			name = Debug;
		};
		436558391A840C190054481B /* Release */ = {
			isa = XCBuildConfiguration;
			buildSettings = {
				ASSETCATALOG_COMPILER_APPICON_NAME = AppIcon;
				COPY_PHASE_STRIP = NO;
				IBSC_MODULE = ForgetMeNot_WatchKit_Extension;
				INFOPLIST_FILE = "ForgetMeNot WatchKit App/Info.plist";
				IPHONEOS_DEPLOYMENT_TARGET = 8.2;
				PRODUCT_NAME = "$(TARGET_NAME)";
				SKIP_INSTALL = YES;
				TARGETED_DEVICE_FAMILY = 4;
				"TARGETED_DEVICE_FAMILY[sdk=iphonesimulator*]" = "1,4";
			};
			name = Release;
		};
		4388377E1A8013400038EC3F /* Debug */ = {
			isa = XCBuildConfiguration;
			buildSettings = {
				ALWAYS_SEARCH_USER_PATHS = NO;
				CLANG_CXX_LANGUAGE_STANDARD = "gnu++0x";
				CLANG_CXX_LIBRARY = "libc++";
				CLANG_ENABLE_MODULES = YES;
				CLANG_ENABLE_OBJC_ARC = YES;
				CLANG_WARN_BOOL_CONVERSION = YES;
				CLANG_WARN_CONSTANT_CONVERSION = YES;
				CLANG_WARN_DIRECT_OBJC_ISA_USAGE = YES_ERROR;
				CLANG_WARN_EMPTY_BODY = YES;
				CLANG_WARN_ENUM_CONVERSION = YES;
				CLANG_WARN_INT_CONVERSION = YES;
				CLANG_WARN_OBJC_ROOT_CLASS = YES_ERROR;
				CLANG_WARN_UNREACHABLE_CODE = YES;
				CLANG_WARN__DUPLICATE_METHOD_MATCH = YES;
				"CODE_SIGN_IDENTITY[sdk=iphoneos*]" = "iPhone Developer";
				COPY_PHASE_STRIP = NO;
				ENABLE_STRICT_OBJC_MSGSEND = YES;
				GCC_C_LANGUAGE_STANDARD = gnu99;
				GCC_DYNAMIC_NO_PIC = NO;
				GCC_OPTIMIZATION_LEVEL = 0;
				GCC_PREPROCESSOR_DEFINITIONS = (
					"DEBUG=1",
					"$(inherited)",
				);
				GCC_SYMBOLS_PRIVATE_EXTERN = NO;
				GCC_WARN_64_TO_32_BIT_CONVERSION = YES;
				GCC_WARN_ABOUT_RETURN_TYPE = YES_ERROR;
				GCC_WARN_UNDECLARED_SELECTOR = YES;
				GCC_WARN_UNINITIALIZED_AUTOS = YES_AGGRESSIVE;
				GCC_WARN_UNUSED_FUNCTION = YES;
				GCC_WARN_UNUSED_VARIABLE = YES;
				IPHONEOS_DEPLOYMENT_TARGET = 8.1;
				MTL_ENABLE_DEBUG_INFO = YES;
				ONLY_ACTIVE_ARCH = YES;
				SDKROOT = iphoneos;
				TARGETED_DEVICE_FAMILY = "1,2";
			};
			name = Debug;
		};
		4388377F1A8013400038EC3F /* Release */ = {
			isa = XCBuildConfiguration;
			buildSettings = {
				ALWAYS_SEARCH_USER_PATHS = NO;
				CLANG_CXX_LANGUAGE_STANDARD = "gnu++0x";
				CLANG_CXX_LIBRARY = "libc++";
				CLANG_ENABLE_MODULES = YES;
				CLANG_ENABLE_OBJC_ARC = YES;
				CLANG_WARN_BOOL_CONVERSION = YES;
				CLANG_WARN_CONSTANT_CONVERSION = YES;
				CLANG_WARN_DIRECT_OBJC_ISA_USAGE = YES_ERROR;
				CLANG_WARN_EMPTY_BODY = YES;
				CLANG_WARN_ENUM_CONVERSION = YES;
				CLANG_WARN_INT_CONVERSION = YES;
				CLANG_WARN_OBJC_ROOT_CLASS = YES_ERROR;
				CLANG_WARN_UNREACHABLE_CODE = YES;
				CLANG_WARN__DUPLICATE_METHOD_MATCH = YES;
				"CODE_SIGN_IDENTITY[sdk=iphoneos*]" = "iPhone Developer";
				COPY_PHASE_STRIP = YES;
				ENABLE_NS_ASSERTIONS = NO;
				ENABLE_STRICT_OBJC_MSGSEND = YES;
				GCC_C_LANGUAGE_STANDARD = gnu99;
				GCC_WARN_64_TO_32_BIT_CONVERSION = YES;
				GCC_WARN_ABOUT_RETURN_TYPE = YES_ERROR;
				GCC_WARN_UNDECLARED_SELECTOR = YES;
				GCC_WARN_UNINITIALIZED_AUTOS = YES_AGGRESSIVE;
				GCC_WARN_UNUSED_FUNCTION = YES;
				GCC_WARN_UNUSED_VARIABLE = YES;
				IPHONEOS_DEPLOYMENT_TARGET = 8.1;
				MTL_ENABLE_DEBUG_INFO = NO;
				SDKROOT = iphoneos;
				TARGETED_DEVICE_FAMILY = "1,2";
				VALIDATE_PRODUCT = YES;
			};
			name = Release;
		};
		438837811A8013400038EC3F /* Debug */ = {
			isa = XCBuildConfiguration;
			buildSettings = {
				ASSETCATALOG_COMPILER_APPICON_NAME = AppIcon;
				CLANG_ENABLE_MODULES = YES;
				CODE_SIGN_ENTITLEMENTS = ForgetMeNot/ForgetMeNot.entitlements;
				CODE_SIGN_IDENTITY = "iPhone Developer";
				"CODE_SIGN_IDENTITY[sdk=iphoneos*]" = "iPhone Developer";
				INFOPLIST_FILE = ForgetMeNot/Info.plist;
				LD_RUNPATH_SEARCH_PATHS = "$(inherited) @executable_path/Frameworks";
				PRODUCT_NAME = "$(TARGET_NAME)";
				PROVISIONING_PROFILE = "";
				SWIFT_OPTIMIZATION_LEVEL = "-Onone";
			};
			name = Debug;
		};
		438837821A8013400038EC3F /* Release */ = {
			isa = XCBuildConfiguration;
			buildSettings = {
				ASSETCATALOG_COMPILER_APPICON_NAME = AppIcon;
				CLANG_ENABLE_MODULES = YES;
				CODE_SIGN_ENTITLEMENTS = ForgetMeNot/ForgetMeNot.entitlements;
				CODE_SIGN_IDENTITY = "iPhone Developer";
				"CODE_SIGN_IDENTITY[sdk=iphoneos*]" = "iPhone Developer";
				INFOPLIST_FILE = ForgetMeNot/Info.plist;
				LD_RUNPATH_SEARCH_PATHS = "$(inherited) @executable_path/Frameworks";
				PRODUCT_NAME = "$(TARGET_NAME)";
				PROVISIONING_PROFILE = "";
			};
			name = Release;
		};
		438837841A8013400038EC3F /* Debug */ = {
			isa = XCBuildConfiguration;
			buildSettings = {
				BUNDLE_LOADER = "$(TEST_HOST)";
				FRAMEWORK_SEARCH_PATHS = (
					"$(SDKROOT)/Developer/Library/Frameworks",
					"$(inherited)",
				);
				GCC_PREPROCESSOR_DEFINITIONS = (
					"DEBUG=1",
					"$(inherited)",
				);
				INFOPLIST_FILE = ForgetMeNotTests/Info.plist;
				LD_RUNPATH_SEARCH_PATHS = "$(inherited) @executable_path/Frameworks @loader_path/Frameworks";
				PRODUCT_NAME = "$(TARGET_NAME)";
				TEST_HOST = "$(BUILT_PRODUCTS_DIR)/ForgetMeNot.app/ForgetMeNot";
			};
			name = Debug;
		};
		438837851A8013400038EC3F /* Release */ = {
			isa = XCBuildConfiguration;
			buildSettings = {
				BUNDLE_LOADER = "$(TEST_HOST)";
				FRAMEWORK_SEARCH_PATHS = (
					"$(SDKROOT)/Developer/Library/Frameworks",
					"$(inherited)",
				);
				INFOPLIST_FILE = ForgetMeNotTests/Info.plist;
				LD_RUNPATH_SEARCH_PATHS = "$(inherited) @executable_path/Frameworks @loader_path/Frameworks";
				PRODUCT_NAME = "$(TARGET_NAME)";
				TEST_HOST = "$(BUILT_PRODUCTS_DIR)/ForgetMeNot.app/ForgetMeNot";
			};
			name = Release;
		};
/* End XCBuildConfiguration section */

/* Begin XCConfigurationList section */
		4365583A1A840C190054481B /* Build configuration list for PBXNativeTarget "ForgetMeNot WatchKit App" */ = {
			isa = XCConfigurationList;
			buildConfigurations = (
				436558381A840C190054481B /* Debug */,
				436558391A840C190054481B /* Release */,
			);
			defaultConfigurationIsVisible = 0;
		};
		4365583B1A840C190054481B /* Build configuration list for PBXNativeTarget "ForgetMeNot WatchKit Extension" */ = {
			isa = XCConfigurationList;
			buildConfigurations = (
				436558361A840C190054481B /* Debug */,
				436558371A840C190054481B /* Release */,
			);
			defaultConfigurationIsVisible = 0;
		};
		438837581A8013400038EC3F /* Build configuration list for PBXProject "ForgetMeNot" */ = {
			isa = XCConfigurationList;
			buildConfigurations = (
				4388377E1A8013400038EC3F /* Debug */,
				4388377F1A8013400038EC3F /* Release */,
			);
			defaultConfigurationIsVisible = 0;
			defaultConfigurationName = Release;
		};
		438837801A8013400038EC3F /* Build configuration list for PBXNativeTarget "ForgetMeNot" */ = {
			isa = XCConfigurationList;
			buildConfigurations = (
				438837811A8013400038EC3F /* Debug */,
				438837821A8013400038EC3F /* Release */,
			);
			defaultConfigurationIsVisible = 0;
			defaultConfigurationName = Release;
		};
		438837831A8013400038EC3F /* Build configuration list for PBXNativeTarget "ForgetMeNotTests" */ = {
			isa = XCConfigurationList;
			buildConfigurations = (
				438837841A8013400038EC3F /* Debug */,
				438837851A8013400038EC3F /* Release */,
			);
			defaultConfigurationIsVisible = 0;
			defaultConfigurationName = Release;
		};
/* End XCConfigurationList section */
	};
	rootObject = 438837551A8013400038EC3F /* Project object */;
}
